
Microsoft Visual Studio Solution File, Format Version 12.00
# Visual Studio Version 16
VisualStudioVersion = 16.0.31702.278
MinimumVisualStudioVersion = 10.0.40219.1
Project("{8BC9CEB8-8B4A-11D0-8D11-00A0C91BC942}") = "HelloWorld", "HelloWorld\HelloWorld.vcxproj", "{6949DA8D-83D6-42AD-859C-6DFC79FB82FB}"
EndProject
Project("{8BC9CEB8-8B4A-11D0-8D11-00A0C91BC942}") = "JeuDeDes", "JeuDeDes\JeuDeDes.vcxproj", "{1A3908E2-AD44-4630-AF1E-947F35B11BDF}"
EndProject
Project("{8BC9CEB8-8B4A-11D0-8D11-00A0C91BC942}") = "Theobald vs Orc Noir", "Theobald vs Orc Noir\Theobald vs Orc Noir.vcxproj", "{018592A1-38C9-49E5-8815-10916D1FD2D1}"
EndProject
Project("{8BC9CEB8-8B4A-11D0-8D11-00A0C91BC942}") = "Formative 01.02 Enum", "Formative 01.02 Enum\Formative 01.02 Enum.vcxproj", "{9CDC0245-9513-4053-82F6-CA7B82F1B760}"
EndProject
Project("{8BC9CEB8-8B4A-11D0-8D11-00A0C91BC942}") = "Array exercise 01.02", "Array exercise 01.02\Array exercise 01.02.vcxproj", "{0372F594-BCCB-4E8E-A42A-FE7DB8FF17BF}"
EndProject
Project("{8BC9CEB8-8B4A-11D0-8D11-00A0C91BC942}") = "01.02 Formative poker", "01.02 Formative poker\01.02 Formative poker.vcxproj", "{369B1B6E-0EC6-4CE1-9C03-D4E048704E9E}"
EndProject
Project("{8BC9CEB8-8B4A-11D0-8D11-00A0C91BC942}") = "01.02 exercise strings", "01.02 exrcise strings\01.02 exrcise strings.vcxproj", "{AF415572-79D4-4362-BD31-93CA4A8286A6}"
EndProject
Project("{8BC9CEB8-8B4A-11D0-8D11-00A0C91BC942}") = "01.02 Formative Strings", "01.02 Formative Strings\01.02 Formative Strings.vcxproj", "{0B6546E5-B43F-4400-B96E-FF1728AF2E1F}"
EndProject
Project("{8BC9CEB8-8B4A-11D0-8D11-00A0C91BC942}") = "Classe c++", "Classe c++\Classe c++.vcxproj", "{BBB4C68F-1BA3-4BFB-B7E5-40F5360368CC}"
EndProject
Project("{8BC9CEB8-8B4A-11D0-8D11-00A0C91BC942}") = "Vector Exercise", "Vector Exercise\Vector Exercise.vcxproj", "{E7E85C16-4783-465D-9BA8-7899FDC9F4D9}"
EndProject
Project("{8BC9CEB8-8B4A-11D0-8D11-00A0C91BC942}") = "Exercise list", "Exercise list\Exercise list.vcxproj", "{341E5E98-94B7-4A58-9FF6-1BEC9BBB8493}"
EndProject
Project("{8BC9CEB8-8B4A-11D0-8D11-00A0C91BC942}") = "List Exercise 3.3", "List Exercise 3.3\List Exercise 3.3.vcxproj", "{09003C6B-B014-4A43-9D7F-DAD50055BE8A}"
EndProject
Project("{8BC9CEB8-8B4A-11D0-8D11-00A0C91BC942}") = "Formative Roulette Russe", "Formative Roulette Russe\Formative Roulette Russe.vcxproj", "{B248BCD2-82AA-4158-8B37-5E2374F13597}"
EndProject
Global
	GlobalSection(SolutionConfigurationPlatforms) = preSolution
		Debug|x64 = Debug|x64
		Debug|x86 = Debug|x86
		Release|x64 = Release|x64
		Release|x86 = Release|x86
	EndGlobalSection
	GlobalSection(ProjectConfigurationPlatforms) = postSolution
		{6949DA8D-83D6-42AD-859C-6DFC79FB82FB}.Debug|x64.ActiveCfg = Debug|x64
		{6949DA8D-83D6-42AD-859C-6DFC79FB82FB}.Debug|x64.Build.0 = Debug|x64
		{6949DA8D-83D6-42AD-859C-6DFC79FB82FB}.Debug|x86.ActiveCfg = Debug|Win32
		{6949DA8D-83D6-42AD-859C-6DFC79FB82FB}.Debug|x86.Build.0 = Debug|Win32
		{6949DA8D-83D6-42AD-859C-6DFC79FB82FB}.Release|x64.ActiveCfg = Release|x64
		{6949DA8D-83D6-42AD-859C-6DFC79FB82FB}.Release|x64.Build.0 = Release|x64
		{6949DA8D-83D6-42AD-859C-6DFC79FB82FB}.Release|x86.ActiveCfg = Release|Win32
		{6949DA8D-83D6-42AD-859C-6DFC79FB82FB}.Release|x86.Build.0 = Release|Win32
		{1A3908E2-AD44-4630-AF1E-947F35B11BDF}.Debug|x64.ActiveCfg = Debug|x64
		{1A3908E2-AD44-4630-AF1E-947F35B11BDF}.Debug|x64.Build.0 = Debug|x64
		{1A3908E2-AD44-4630-AF1E-947F35B11BDF}.Debug|x86.ActiveCfg = Debug|Win32
		{1A3908E2-AD44-4630-AF1E-947F35B11BDF}.Debug|x86.Build.0 = Debug|Win32
		{1A3908E2-AD44-4630-AF1E-947F35B11BDF}.Release|x64.ActiveCfg = Release|x64
		{1A3908E2-AD44-4630-AF1E-947F35B11BDF}.Release|x64.Build.0 = Release|x64
		{1A3908E2-AD44-4630-AF1E-947F35B11BDF}.Release|x86.ActiveCfg = Release|Win32
		{1A3908E2-AD44-4630-AF1E-947F35B11BDF}.Release|x86.Build.0 = Release|Win32
		{018592A1-38C9-49E5-8815-10916D1FD2D1}.Debug|x64.ActiveCfg = Debug|x64
		{018592A1-38C9-49E5-8815-10916D1FD2D1}.Debug|x64.Build.0 = Debug|x64
		{018592A1-38C9-49E5-8815-10916D1FD2D1}.Debug|x86.ActiveCfg = Debug|Win32
		{018592A1-38C9-49E5-8815-10916D1FD2D1}.Debug|x86.Build.0 = Debug|Win32
		{018592A1-38C9-49E5-8815-10916D1FD2D1}.Release|x64.ActiveCfg = Release|x64
		{018592A1-38C9-49E5-8815-10916D1FD2D1}.Release|x64.Build.0 = Release|x64
		{018592A1-38C9-49E5-8815-10916D1FD2D1}.Release|x86.ActiveCfg = Release|Win32
		{018592A1-38C9-49E5-8815-10916D1FD2D1}.Release|x86.Build.0 = Release|Win32
		{9CDC0245-9513-4053-82F6-CA7B82F1B760}.Debug|x64.ActiveCfg = Debug|x64
		{9CDC0245-9513-4053-82F6-CA7B82F1B760}.Debug|x64.Build.0 = Debug|x64
		{9CDC0245-9513-4053-82F6-CA7B82F1B760}.Debug|x86.ActiveCfg = Debug|Win32
		{9CDC0245-9513-4053-82F6-CA7B82F1B760}.Debug|x86.Build.0 = Debug|Win32
		{9CDC0245-9513-4053-82F6-CA7B82F1B760}.Release|x64.ActiveCfg = Release|x64
		{9CDC0245-9513-4053-82F6-CA7B82F1B760}.Release|x64.Build.0 = Release|x64
		{9CDC0245-9513-4053-82F6-CA7B82F1B760}.Release|x86.ActiveCfg = Release|Win32
		{9CDC0245-9513-4053-82F6-CA7B82F1B760}.Release|x86.Build.0 = Release|Win32
		{0372F594-BCCB-4E8E-A42A-FE7DB8FF17BF}.Debug|x64.ActiveCfg = Debug|x64
		{0372F594-BCCB-4E8E-A42A-FE7DB8FF17BF}.Debug|x64.Build.0 = Debug|x64
		{0372F594-BCCB-4E8E-A42A-FE7DB8FF17BF}.Debug|x86.ActiveCfg = Debug|Win32
		{0372F594-BCCB-4E8E-A42A-FE7DB8FF17BF}.Debug|x86.Build.0 = Debug|Win32
		{0372F594-BCCB-4E8E-A42A-FE7DB8FF17BF}.Release|x64.ActiveCfg = Release|x64
		{0372F594-BCCB-4E8E-A42A-FE7DB8FF17BF}.Release|x64.Build.0 = Release|x64
		{0372F594-BCCB-4E8E-A42A-FE7DB8FF17BF}.Release|x86.ActiveCfg = Release|Win32
		{0372F594-BCCB-4E8E-A42A-FE7DB8FF17BF}.Release|x86.Build.0 = Release|Win32
		{369B1B6E-0EC6-4CE1-9C03-D4E048704E9E}.Debug|x64.ActiveCfg = Debug|x64
		{369B1B6E-0EC6-4CE1-9C03-D4E048704E9E}.Debug|x64.Build.0 = Debug|x64
		{369B1B6E-0EC6-4CE1-9C03-D4E048704E9E}.Debug|x86.ActiveCfg = Debug|Win32
		{369B1B6E-0EC6-4CE1-9C03-D4E048704E9E}.Debug|x86.Build.0 = Debug|Win32
		{369B1B6E-0EC6-4CE1-9C03-D4E048704E9E}.Release|x64.ActiveCfg = Release|x64
		{369B1B6E-0EC6-4CE1-9C03-D4E048704E9E}.Release|x64.Build.0 = Release|x64
		{369B1B6E-0EC6-4CE1-9C03-D4E048704E9E}.Release|x86.ActiveCfg = Release|Win32
		{369B1B6E-0EC6-4CE1-9C03-D4E048704E9E}.Release|x86.Build.0 = Release|Win32
		{AF415572-79D4-4362-BD31-93CA4A8286A6}.Debug|x64.ActiveCfg = Debug|x64
		{AF415572-79D4-4362-BD31-93CA4A8286A6}.Debug|x64.Build.0 = Debug|x64
		{AF415572-79D4-4362-BD31-93CA4A8286A6}.Debug|x86.ActiveCfg = Debug|Win32
		{AF415572-79D4-4362-BD31-93CA4A8286A6}.Debug|x86.Build.0 = Debug|Win32
		{AF415572-79D4-4362-BD31-93CA4A8286A6}.Release|x64.ActiveCfg = Release|x64
		{AF415572-79D4-4362-BD31-93CA4A8286A6}.Release|x64.Build.0 = Release|x64
		{AF415572-79D4-4362-BD31-93CA4A8286A6}.Release|x86.ActiveCfg = Release|Win32
		{AF415572-79D4-4362-BD31-93CA4A8286A6}.Release|x86.Build.0 = Release|Win32
		{0B6546E5-B43F-4400-B96E-FF1728AF2E1F}.Debug|x64.ActiveCfg = Debug|x64
		{0B6546E5-B43F-4400-B96E-FF1728AF2E1F}.Debug|x64.Build.0 = Debug|x64
		{0B6546E5-B43F-4400-B96E-FF1728AF2E1F}.Debug|x86.ActiveCfg = Debug|Win32
		{0B6546E5-B43F-4400-B96E-FF1728AF2E1F}.Debug|x86.Build.0 = Debug|Win32
		{0B6546E5-B43F-4400-B96E-FF1728AF2E1F}.Release|x64.ActiveCfg = Release|x64
		{0B6546E5-B43F-4400-B96E-FF1728AF2E1F}.Release|x64.Build.0 = Release|x64
		{0B6546E5-B43F-4400-B96E-FF1728AF2E1F}.Release|x86.ActiveCfg = Release|Win32
		{0B6546E5-B43F-4400-B96E-FF1728AF2E1F}.Release|x86.Build.0 = Release|Win32
		{BBB4C68F-1BA3-4BFB-B7E5-40F5360368CC}.Debug|x64.ActiveCfg = Debug|x64
		{BBB4C68F-1BA3-4BFB-B7E5-40F5360368CC}.Debug|x64.Build.0 = Debug|x64
		{BBB4C68F-1BA3-4BFB-B7E5-40F5360368CC}.Debug|x86.ActiveCfg = Debug|Win32
		{BBB4C68F-1BA3-4BFB-B7E5-40F5360368CC}.Debug|x86.Build.0 = Debug|Win32
		{BBB4C68F-1BA3-4BFB-B7E5-40F5360368CC}.Release|x64.ActiveCfg = Release|x64
		{BBB4C68F-1BA3-4BFB-B7E5-40F5360368CC}.Release|x64.Build.0 = Release|x64
		{BBB4C68F-1BA3-4BFB-B7E5-40F5360368CC}.Release|x86.ActiveCfg = Release|Win32
		{BBB4C68F-1BA3-4BFB-B7E5-40F5360368CC}.Release|x86.Build.0 = Release|Win32
		{E7E85C16-4783-465D-9BA8-7899FDC9F4D9}.Debug|x64.ActiveCfg = Debug|x64
		{E7E85C16-4783-465D-9BA8-7899FDC9F4D9}.Debug|x64.Build.0 = Debug|x64
		{E7E85C16-4783-465D-9BA8-7899FDC9F4D9}.Debug|x86.ActiveCfg = Debug|Win32
		{E7E85C16-4783-465D-9BA8-7899FDC9F4D9}.Debug|x86.Build.0 = Debug|Win32
		{E7E85C16-4783-465D-9BA8-7899FDC9F4D9}.Release|x64.ActiveCfg = Release|x64
		{E7E85C16-4783-465D-9BA8-7899FDC9F4D9}.Release|x64.Build.0 = Release|x64
		{E7E85C16-4783-465D-9BA8-7899FDC9F4D9}.Release|x86.ActiveCfg = Release|Win32
		{E7E85C16-4783-465D-9BA8-7899FDC9F4D9}.Release|x86.Build.0 = Release|Win32
		{341E5E98-94B7-4A58-9FF6-1BEC9BBB8493}.Debug|x64.ActiveCfg = Debug|x64
		{341E5E98-94B7-4A58-9FF6-1BEC9BBB8493}.Debug|x64.Build.0 = Debug|x64
		{341E5E98-94B7-4A58-9FF6-1BEC9BBB8493}.Debug|x86.ActiveCfg = Debug|Win32
		{341E5E98-94B7-4A58-9FF6-1BEC9BBB8493}.Debug|x86.Build.0 = Debug|Win32
		{341E5E98-94B7-4A58-9FF6-1BEC9BBB8493}.Release|x64.ActiveCfg = Release|x64
		{341E5E98-94B7-4A58-9FF6-1BEC9BBB8493}.Release|x64.Build.0 = Release|x64
		{341E5E98-94B7-4A58-9FF6-1BEC9BBB8493}.Release|x86.ActiveCfg = Release|Win32
		{341E5E98-94B7-4A58-9FF6-1BEC9BBB8493}.Release|x86.Build.0 = Release|Win32
		{09003C6B-B014-4A43-9D7F-DAD50055BE8A}.Debug|x64.ActiveCfg = Debug|x64
		{09003C6B-B014-4A43-9D7F-DAD50055BE8A}.Debug|x64.Build.0 = Debug|x64
		{09003C6B-B014-4A43-9D7F-DAD50055BE8A}.Debug|x86.ActiveCfg = Debug|Win32
		{09003C6B-B014-4A43-9D7F-DAD50055BE8A}.Debug|x86.Build.0 = Debug|Win32
		{09003C6B-B014-4A43-9D7F-DAD50055BE8A}.Release|x64.ActiveCfg = Release|x64
		{09003C6B-B014-4A43-9D7F-DAD50055BE8A}.Release|x64.Build.0 = Release|x64
		{09003C6B-B014-4A43-9D7F-DAD50055BE8A}.Release|x86.ActiveCfg = Release|Win32
		{09003C6B-B014-4A43-9D7F-DAD50055BE8A}.Release|x86.Build.0 = Release|Win32
		{B248BCD2-82AA-4158-8B37-5E2374F13597}.Debug|x64.ActiveCfg = Debug|x64
		{B248BCD2-82AA-4158-8B37-5E2374F13597}.Debug|x64.Build.0 = Debug|x64
		{B248BCD2-82AA-4158-8B37-5E2374F13597}.Debug|x86.ActiveCfg = Debug|Win32
		{B248BCD2-82AA-4158-8B37-5E2374F13597}.Debug|x86.Build.0 = Debug|Win32
		{B248BCD2-82AA-4158-8B37-5E2374F13597}.Release|x64.ActiveCfg = Release|x64
		{B248BCD2-82AA-4158-8B37-5E2374F13597}.Release|x64.Build.0 = Release|x64
		{B248BCD2-82AA-4158-8B37-5E2374F13597}.Release|x86.ActiveCfg = Release|Win32
		{B248BCD2-82AA-4158-8B37-5E2374F13597}.Release|x86.Build.0 = Release|Win32
	EndGlobalSection
	GlobalSection(SolutionProperties) = preSolution
		HideSolutionNode = FALSE
	EndGlobalSection
	GlobalSection(ExtensibilityGlobals) = postSolution
		SolutionGuid = {30815325-CF33-45D0-BFE3-205D80F3B30B}
	EndGlobalSection
EndGlobal
